
Microsoft Visual Studio Solution File, Format Version 12.00
# Visual Studio Version 17
VisualStudioVersion = 17.8.34408.163
MinimumVisualStudioVersion = 10.0.40219.1
Project("{FAE04EC0-301F-11D3-BF4B-00C04F79EFBC}") = "ReadyToRun8", "ReadyToRun8.csproj", "{9BF01788-249B-45E9-8D95-143C000E5666}"
EndProject
Global
	GlobalSection(SolutionConfigurationPlatforms) = preSolution
		Debug|Any CPU = Debug|Any CPU
		Release|Any CPU = Release|Any CPU
	EndGlobalSection
	GlobalSection(ProjectConfigurationPlatforms) = postSolution
		{9BF01788-249B-45E9-8D95-143C000E5666}.Debug|Any CPU.ActiveCfg = Debug|Any CPU
		{9BF01788-249B-45E9-8D95-143C000E5666}.Debug|Any CPU.Build.0 = Debug|Any CPU
		{9BF01788-249B-45E9-8D95-143C000E5666}.Release|Any CPU.ActiveCfg = Release|Any CPU
		{9BF01788-249B-45E9-8D95-143C000E5666}.Release|Any CPU.Build.0 = Release|Any CPU
	EndGlobalSection
	GlobalSection(SolutionProperties) = preSolution
		HideSolutionNode = FALSE
	EndGlobalSection
	GlobalSection(ExtensibilityGlobals) = postSolution
		SolutionGuid = {C60D0E58-61D2-45C9-BDF0-23BDEBA17C4D}
	EndGlobalSection
EndGlobal
